
Microsoft Visual Studio Solution File, Format Version 12.00
# Visual Studio Version 17
VisualStudioVersion = 17.13.35931.197
MinimumVisualStudioVersion = 10.0.40219.1
Project("{FAE04EC0-301F-11D3-BF4B-00C04F79EFBC}") = "IMS.WebApp", "IMS.WebApp\IMS.WebApp.csproj", "{E210AE8A-D2D6-42B2-9B79-57B96E7014E2}"
EndProject
Project("{FAE04EC0-301F-11D3-BF4B-00C04F79EFBC}") = "IMS.UseCases", "IMS.UseCases\IMS.UseCases.csproj", "{A1F3E8DB-F536-4ADD-8914-ABE910D7F442}"
EndProject
Project("{FAE04EC0-301F-11D3-BF4B-00C04F79EFBC}") = "IMS.CoreBusiness", "IMS.CoreBusiness\IMS.CoreBusiness.csproj", "{F83DD21D-D6A2-4ECF-B78E-77CFE83D6C29}"
EndProject
Project("{2150E333-8FDC-42A3-9474-1A3956D46DE8}") = "IMS.Plugins", "IMS.Plugins", "{02EA681E-C7D8-13C7-8484-4AC65E1B71E8}"
EndProject
Project("{FAE04EC0-301F-11D3-BF4B-00C04F79EFBC}") = "IMS.Plugins.InMemory", "IMS.Plugins\IMS.Plugins.InMemory\IMS.Plugins.InMemory.csproj", "{8D8A9FBE-2E32-466C-9272-2E5B399528B5}"
EndProject
Project("{FAE04EC0-301F-11D3-BF4B-00C04F79EFBC}") = "IMS.Plugins.EFCoreSql", "IMS.Plugins\IMS.Plugins.EFCoreSql\IMS.Plugins.EFCoreSql.csproj", "{7D6813BB-8346-48AC-80BA-6FE3A036317F}"
EndProject
Global
	GlobalSection(SolutionConfigurationPlatforms) = preSolution
		Debug|Any CPU = Debug|Any CPU
		Release|Any CPU = Release|Any CPU
	EndGlobalSection
	GlobalSection(ProjectConfigurationPlatforms) = postSolution
		{E210AE8A-D2D6-42B2-9B79-57B96E7014E2}.Debug|Any CPU.ActiveCfg = Debug|Any CPU
		{E210AE8A-D2D6-42B2-9B79-57B96E7014E2}.Debug|Any CPU.Build.0 = Debug|Any CPU
		{E210AE8A-D2D6-42B2-9B79-57B96E7014E2}.Release|Any CPU.ActiveCfg = Release|Any CPU
		{E210AE8A-D2D6-42B2-9B79-57B96E7014E2}.Release|Any CPU.Build.0 = Release|Any CPU
		{A1F3E8DB-F536-4ADD-8914-ABE910D7F442}.Debug|Any CPU.ActiveCfg = Debug|Any CPU
		{A1F3E8DB-F536-4ADD-8914-ABE910D7F442}.Debug|Any CPU.Build.0 = Debug|Any CPU
		{A1F3E8DB-F536-4ADD-8914-ABE910D7F442}.Release|Any CPU.ActiveCfg = Release|Any CPU
		{A1F3E8DB-F536-4ADD-8914-ABE910D7F442}.Release|Any CPU.Build.0 = Release|Any CPU
		{F83DD21D-D6A2-4ECF-B78E-77CFE83D6C29}.Debug|Any CPU.ActiveCfg = Debug|Any CPU
		{F83DD21D-D6A2-4ECF-B78E-77CFE83D6C29}.Debug|Any CPU.Build.0 = Debug|Any CPU
		{F83DD21D-D6A2-4ECF-B78E-77CFE83D6C29}.Release|Any CPU.ActiveCfg = Release|Any CPU
		{F83DD21D-D6A2-4ECF-B78E-77CFE83D6C29}.Release|Any CPU.Build.0 = Release|Any CPU
		{8D8A9FBE-2E32-466C-9272-2E5B399528B5}.Debug|Any CPU.ActiveCfg = Debug|Any CPU
		{8D8A9FBE-2E32-466C-9272-2E5B399528B5}.Debug|Any CPU.Build.0 = Debug|Any CPU
		{8D8A9FBE-2E32-466C-9272-2E5B399528B5}.Release|Any CPU.ActiveCfg = Release|Any CPU
		{8D8A9FBE-2E32-466C-9272-2E5B399528B5}.Release|Any CPU.Build.0 = Release|Any CPU
		{7D6813BB-8346-48AC-80BA-6FE3A036317F}.Debug|Any CPU.ActiveCfg = Debug|Any CPU
		{7D6813BB-8346-48AC-80BA-6FE3A036317F}.Debug|Any CPU.Build.0 = Debug|Any CPU
		{7D6813BB-8346-48AC-80BA-6FE3A036317F}.Release|Any CPU.ActiveCfg = Release|Any CPU
		{7D6813BB-8346-48AC-80BA-6FE3A036317F}.Release|Any CPU.Build.0 = Release|Any CPU
	EndGlobalSection
	GlobalSection(SolutionProperties) = preSolution
		HideSolutionNode = FALSE
	EndGlobalSection
	GlobalSection(NestedProjects) = preSolution
		{8D8A9FBE-2E32-466C-9272-2E5B399528B5} = {02EA681E-C7D8-13C7-8484-4AC65E1B71E8}
		{7D6813BB-8346-48AC-80BA-6FE3A036317F} = {02EA681E-C7D8-13C7-8484-4AC65E1B71E8}
	EndGlobalSection
	GlobalSection(ExtensibilityGlobals) = postSolution
		SolutionGuid = {8B5C4155-CD4B-40A9-8DBB-71636B2A8E29}
	EndGlobalSection
EndGlobal
